// !$*UTF8*$!
{
	archiveVersion = 1;
	classes = {
	};
	objectVersion = 50;
	objects = {

/* Begin PBXBuildFile section */
		7F1BC2C825C18C29009728DE /* AppDelegate.swift in Sources */ = {isa = PBXBuildFile; fileRef = 7F1BC2C725C18C29009728DE /* AppDelegate.swift */; };
		7F1BC2CA25C18C29009728DE /* SceneDelegate.swift in Sources */ = {isa = PBXBuildFile; fileRef = 7F1BC2C925C18C29009728DE /* SceneDelegate.swift */; };
		7F1BC2CC25C18C29009728DE /* ViewController.swift in Sources */ = {isa = PBXBuildFile; fileRef = 7F1BC2CB25C18C29009728DE /* ViewController.swift */; };
		7F1BC2CF25C18C29009728DE /* Main.storyboard in Resources */ = {isa = PBXBuildFile; fileRef = 7F1BC2CD25C18C29009728DE /* Main.storyboard */; };
		7F1BC2D125C18C2A009728DE /* Assets.xcassets in Resources */ = {isa = PBXBuildFile; fileRef = 7F1BC2D025C18C2A009728DE /* Assets.xcassets */; };
		7F1BC2D425C18C2A009728DE /* LaunchScreen.storyboard in Resources */ = {isa = PBXBuildFile; fileRef = 7F1BC2D225C18C2A009728DE /* LaunchScreen.storyboard */; };
		7F1BC2DF25C18C2A009728DE /* ContactosTests.swift in Sources */ = {isa = PBXBuildFile; fileRef = 7F1BC2DE25C18C2A009728DE /* ContactosTests.swift */; };
		7F1BC2EA25C18C2A009728DE /* ContactosUITests.swift in Sources */ = {isa = PBXBuildFile; fileRef = 7F1BC2E925C18C2A009728DE /* ContactosUITests.swift */; };
		7F1BC2F825C19196009728DE /* underlined.swift in Sources */ = {isa = PBXBuildFile; fileRef = 7F1BC2F725C19196009728DE /* underlined.swift */; };
		7F1BC2FA25C199DE009728DE /* logInController.swift in Sources */ = {isa = PBXBuildFile; fileRef = 7F1BC2F925C199DE009728DE /* logInController.swift */; };
/* End PBXBuildFile section */

/* Begin PBXContainerItemProxy section */
		7F1BC2DB25C18C2A009728DE /* PBXContainerItemProxy */ = {
			isa = PBXContainerItemProxy;
			containerPortal = 7F1BC2BC25C18C29009728DE /* Project object */;
			proxyType = 1;
			remoteGlobalIDString = 7F1BC2C325C18C29009728DE;
			remoteInfo = Contactos;
		};
		7F1BC2E625C18C2A009728DE /* PBXContainerItemProxy */ = {
			isa = PBXContainerItemProxy;
			containerPortal = 7F1BC2BC25C18C29009728DE /* Project object */;
			proxyType = 1;
			remoteGlobalIDString = 7F1BC2C325C18C29009728DE;
			remoteInfo = Contactos;
		};
/* End PBXContainerItemProxy section */

/* Begin PBXFileReference section */
		7F1BC2C425C18C29009728DE /* Contactos.app */ = {isa = PBXFileReference; explicitFileType = wrapper.application; includeInIndex = 0; path = Contactos.app; sourceTree = BUILT_PRODUCTS_DIR; };
		7F1BC2C725C18C29009728DE /* AppDelegate.swift */ = {isa = PBXFileReference; lastKnownFileType = sourcecode.swift; path = AppDelegate.swift; sourceTree = "<group>"; };
		7F1BC2C925C18C29009728DE /* SceneDelegate.swift */ = {isa = PBXFileReference; lastKnownFileType = sourcecode.swift; path = SceneDelegate.swift; sourceTree = "<group>"; };
		7F1BC2CB25C18C29009728DE /* ViewController.swift */ = {isa = PBXFileReference; lastKnownFileType = sourcecode.swift; path = ViewController.swift; sourceTree = "<group>"; };
		7F1BC2CE25C18C29009728DE /* Base */ = {isa = PBXFileReference; lastKnownFileType = file.storyboard; name = Base; path = Base.lproj/Main.storyboard; sourceTree = "<group>"; };
		7F1BC2D025C18C2A009728DE /* Assets.xcassets */ = {isa = PBXFileReference; lastKnownFileType = folder.assetcatalog; path = Assets.xcassets; sourceTree = "<group>"; };
		7F1BC2D325C18C2A009728DE /* Base */ = {isa = PBXFileReference; lastKnownFileType = file.storyboard; name = Base; path = Base.lproj/LaunchScreen.storyboard; sourceTree = "<group>"; };
		7F1BC2D525C18C2A009728DE /* Info.plist */ = {isa = PBXFileReference; lastKnownFileType = text.plist.xml; path = Info.plist; sourceTree = "<group>"; };
		7F1BC2DA25C18C2A009728DE /* ContactosTests.xctest */ = {isa = PBXFileReference; explicitFileType = wrapper.cfbundle; includeInIndex = 0; path = ContactosTests.xctest; sourceTree = BUILT_PRODUCTS_DIR; };
		7F1BC2DE25C18C2A009728DE /* ContactosTests.swift */ = {isa = PBXFileReference; lastKnownFileType = sourcecode.swift; path = ContactosTests.swift; sourceTree = "<group>"; };
		7F1BC2E025C18C2A009728DE /* Info.plist */ = {isa = PBXFileReference; lastKnownFileType = text.plist.xml; path = Info.plist; sourceTree = "<group>"; };
		7F1BC2E525C18C2A009728DE /* ContactosUITests.xctest */ = {isa = PBXFileReference; explicitFileType = wrapper.cfbundle; includeInIndex = 0; path = ContactosUITests.xctest; sourceTree = BUILT_PRODUCTS_DIR; };
		7F1BC2E925C18C2A009728DE /* ContactosUITests.swift */ = {isa = PBXFileReference; lastKnownFileType = sourcecode.swift; path = ContactosUITests.swift; sourceTree = "<group>"; };
		7F1BC2EB25C18C2A009728DE /* Info.plist */ = {isa = PBXFileReference; lastKnownFileType = text.plist.xml; path = Info.plist; sourceTree = "<group>"; };
		7F1BC2F725C19196009728DE /* underlined.swift */ = {isa = PBXFileReference; lastKnownFileType = sourcecode.swift; path = underlined.swift; sourceTree = "<group>"; };
		7F1BC2F925C199DE009728DE /* logInController.swift */ = {isa = PBXFileReference; lastKnownFileType = sourcecode.swift; path = logInController.swift; sourceTree = "<group>"; };
/* End PBXFileReference section */

/* Begin PBXFrameworksBuildPhase section */
		7F1BC2C125C18C29009728DE /* Frameworks */ = {
			isa = PBXFrameworksBuildPhase;
			buildActionMask = 2147483647;
			files = (
			);
			runOnlyForDeploymentPostprocessing = 0;
		};
		7F1BC2D725C18C2A009728DE /* Frameworks */ = {
			isa = PBXFrameworksBuildPhase;
			buildActionMask = 2147483647;
			files = (
			);
			runOnlyForDeploymentPostprocessing = 0;
		};
		7F1BC2E225C18C2A009728DE /* Frameworks */ = {
			isa = PBXFrameworksBuildPhase;
			buildActionMask = 2147483647;
			files = (
			);
			runOnlyForDeploymentPostprocessing = 0;
		};
/* End PBXFrameworksBuildPhase section */

/* Begin PBXGroup section */
		7F1BC2BB25C18C29009728DE = {
			isa = PBXGroup;
			children = (
				7F1BC2C625C18C29009728DE /* Contactos */,
				7F1BC2DD25C18C2A009728DE /* ContactosTests */,
				7F1BC2E825C18C2A009728DE /* ContactosUITests */,
				7F1BC2C525C18C29009728DE /* Products */,
			);
			sourceTree = "<group>";
		};
		7F1BC2C525C18C29009728DE /* Products */ = {
			isa = PBXGroup;
			children = (
				7F1BC2C425C18C29009728DE /* Contactos.app */,
				7F1BC2DA25C18C2A009728DE /* ContactosTests.xctest */,
				7F1BC2E525C18C2A009728DE /* ContactosUITests.xctest */,
			);
			name = Products;
			sourceTree = "<group>";
		};
		7F1BC2C625C18C29009728DE /* Contactos */ = {
			isa = PBXGroup;
			children = (
				7F1BC2C725C18C29009728DE /* AppDelegate.swift */,
				7F1BC2C925C18C29009728DE /* SceneDelegate.swift */,
				7F1BC2CB25C18C29009728DE /* ViewController.swift */,
				7F1BC2CD25C18C29009728DE /* Main.storyboard */,
				7F1BC2D025C18C2A009728DE /* Assets.xcassets */,
				7F1BC2D225C18C2A009728DE /* LaunchScreen.storyboard */,
				7F1BC2D525C18C2A009728DE /* Info.plist */,
				7F1BC2F725C19196009728DE /* underlined.swift */,
				7F1BC2F925C199DE009728DE /* logInController.swift */,
			);
			path = Contactos;
			sourceTree = "<group>";
		};
		7F1BC2DD25C18C2A009728DE /* ContactosTests */ = {
			isa = PBXGroup;
			children = (
				7F1BC2DE25C18C2A009728DE /* ContactosTests.swift */,
				7F1BC2E025C18C2A009728DE /* Info.plist */,
			);
			path = ContactosTests;
			sourceTree = "<group>";
		};
		7F1BC2E825C18C2A009728DE /* ContactosUITests */ = {
			isa = PBXGroup;
			children = (
				7F1BC2E925C18C2A009728DE /* ContactosUITests.swift */,
				7F1BC2EB25C18C2A009728DE /* Info.plist */,
			);
			path = ContactosUITests;
			sourceTree = "<group>";
		};
/* End PBXGroup section */

/* Begin PBXNativeTarget section */
		7F1BC2C325C18C29009728DE /* Contactos */ = {
			isa = PBXNativeTarget;
			buildConfigurationList = 7F1BC2EE25C18C2A009728DE /* Build configuration list for PBXNativeTarget "Contactos" */;
			buildPhases = (
				7F1BC2C025C18C29009728DE /* Sources */,
				7F1BC2C125C18C29009728DE /* Frameworks */,
				7F1BC2C225C18C29009728DE /* Resources */,
			);
			buildRules = (
			);
			dependencies = (
			);
			name = Contactos;
			productName = Contactos;
			productReference = 7F1BC2C425C18C29009728DE /* Contactos.app */;
			productType = "com.apple.product-type.application";
		};
		7F1BC2D925C18C2A009728DE /* ContactosTests */ = {
			isa = PBXNativeTarget;
			buildConfigurationList = 7F1BC2F125C18C2A009728DE /* Build configuration list for PBXNativeTarget "ContactosTests" */;
			buildPhases = (
				7F1BC2D625C18C2A009728DE /* Sources */,
				7F1BC2D725C18C2A009728DE /* Frameworks */,
				7F1BC2D825C18C2A009728DE /* Resources */,
			);
			buildRules = (
			);
			dependencies = (
				7F1BC2DC25C18C2A009728DE /* PBXTargetDependency */,
			);
			name = ContactosTests;
			productName = ContactosTests;
			productReference = 7F1BC2DA25C18C2A009728DE /* ContactosTests.xctest */;
			productType = "com.apple.product-type.bundle.unit-test";
		};
		7F1BC2E425C18C2A009728DE /* ContactosUITests */ = {
			isa = PBXNativeTarget;
			buildConfigurationList = 7F1BC2F425C18C2A009728DE /* Build configuration list for PBXNativeTarget "ContactosUITests" */;
			buildPhases = (
				7F1BC2E125C18C2A009728DE /* Sources */,
				7F1BC2E225C18C2A009728DE /* Frameworks */,
				7F1BC2E325C18C2A009728DE /* Resources */,
			);
			buildRules = (
			);
			dependencies = (
				7F1BC2E725C18C2A009728DE /* PBXTargetDependency */,
			);
			name = ContactosUITests;
			productName = ContactosUITests;
			productReference = 7F1BC2E525C18C2A009728DE /* ContactosUITests.xctest */;
			productType = "com.apple.product-type.bundle.ui-testing";
		};
/* End PBXNativeTarget section */

/* Begin PBXProject section */
		7F1BC2BC25C18C29009728DE /* Project object */ = {
			isa = PBXProject;
			attributes = {
				LastSwiftUpdateCheck = 1170;
				LastUpgradeCheck = 1170;
				ORGANIZATIONNAME = alumnos;
				TargetAttributes = {
					7F1BC2C325C18C29009728DE = {
						CreatedOnToolsVersion = 11.7;
					};
					7F1BC2D925C18C2A009728DE = {
						CreatedOnToolsVersion = 11.7;
						TestTargetID = 7F1BC2C325C18C29009728DE;
					};
					7F1BC2E425C18C2A009728DE = {
						CreatedOnToolsVersion = 11.7;
						TestTargetID = 7F1BC2C325C18C29009728DE;
					};
				};
			};
			buildConfigurationList = 7F1BC2BF25C18C29009728DE /* Build configuration list for PBXProject "Contactos" */;
			compatibilityVersion = "Xcode 9.3";
			developmentRegion = en;
			hasScannedForEncodings = 0;
			knownRegions = (
				en,
				Base,
			);
			mainGroup = 7F1BC2BB25C18C29009728DE;
			productRefGroup = 7F1BC2C525C18C29009728DE /* Products */;
			projectDirPath = "";
			projectRoot = "";
			targets = (
				7F1BC2C325C18C29009728DE /* Contactos */,
				7F1BC2D925C18C2A009728DE /* ContactosTests */,
				7F1BC2E425C18C2A009728DE /* ContactosUITests */,
			);
		};
/* End PBXProject section */

/* Begin PBXResourcesBuildPhase section */
		7F1BC2C225C18C29009728DE /* Resources */ = {
			isa = PBXResourcesBuildPhase;
			buildActionMask = 2147483647;
			files = (
				7F1BC2D425C18C2A009728DE /* LaunchScreen.storyboard in Resources */,
				7F1BC2D125C18C2A009728DE /* Assets.xcassets in Resources */,
				7F1BC2CF25C18C29009728DE /* Main.storyboard in Resources */,
			);
			runOnlyForDeploymentPostprocessing = 0;
		};
		7F1BC2D825C18C2A009728DE /* Resources */ = {
			isa = PBXResourcesBuildPhase;
			buildActionMask = 2147483647;
			files = (
			);
			runOnlyForDeploymentPostprocessing = 0;
		};
		7F1BC2E325C18C2A009728DE /* Resources */ = {
			isa = PBXResourcesBuildPhase;
			buildActionMask = 2147483647;
			files = (
			);
			runOnlyForDeploymentPostprocessing = 0;
		};
/* End PBXResourcesBuildPhase section */

/* Begin PBXSourcesBuildPhase section */
		7F1BC2C025C18C29009728DE /* Sources */ = {
			isa = PBXSourcesBuildPhase;
			buildActionMask = 2147483647;
			files = (
				7F1BC2CC25C18C29009728DE /* ViewController.swift in Sources */,
				7F1BC2F825C19196009728DE /* underlined.swift in Sources */,
				7F1BC2C825C18C29009728DE /* AppDelegate.swift in Sources */,
				7F1BC2CA25C18C29009728DE /* SceneDelegate.swift in Sources */,
				7F1BC2FA25C199DE009728DE /* logInController.swift in Sources */,
			);
			runOnlyForDeploymentPostprocessing = 0;
		};
		7F1BC2D625C18C2A009728DE /* Sources */ = {
			isa = PBXSourcesBuildPhase;
			buildActionMask = 2147483647;
			files = (
				7F1BC2DF25C18C2A009728DE /* ContactosTests.swift in Sources */,
			);
			runOnlyForDeploymentPostprocessing = 0;
		};
		7F1BC2E125C18C2A009728DE /* Sources */ = {
			isa = PBXSourcesBuildPhase;
			buildActionMask = 2147483647;
			files = (
				7F1BC2EA25C18C2A009728DE /* ContactosUITests.swift in Sources */,
			);
			runOnlyForDeploymentPostprocessing = 0;
		};
/* End PBXSourcesBuildPhase section */

/* Begin PBXTargetDependency section */
		7F1BC2DC25C18C2A009728DE /* PBXTargetDependency */ = {
			isa = PBXTargetDependency;
			target = 7F1BC2C325C18C29009728DE /* Contactos */;
			targetProxy = 7F1BC2DB25C18C2A009728DE /* PBXContainerItemProxy */;
		};
		7F1BC2E725C18C2A009728DE /* PBXTargetDependency */ = {
			isa = PBXTargetDependency;
			target = 7F1BC2C325C18C29009728DE /* Contactos */;
			targetProxy = 7F1BC2E625C18C2A009728DE /* PBXContainerItemProxy */;
		};
/* End PBXTargetDependency section */

/* Begin PBXVariantGroup section */
		7F1BC2CD25C18C29009728DE /* Main.storyboard */ = {
			isa = PBXVariantGroup;
			children = (
				7F1BC2CE25C18C29009728DE /* Base */,
			);
			name = Main.storyboard;
			sourceTree = "<group>";
		};
		7F1BC2D225C18C2A009728DE /* LaunchScreen.storyboard */ = {
			isa = PBXVariantGroup;
			children = (
				7F1BC2D325C18C2A009728DE /* Base */,
			);
			name = LaunchScreen.storyboard;
			sourceTree = "<group>";
		};
/* End PBXVariantGroup section */

/* Begin XCBuildConfiguration section */
		7F1BC2EC25C18C2A009728DE /* Debug */ = {
			isa = XCBuildConfiguration;
			buildSettings = {
				ALWAYS_SEARCH_USER_PATHS = NO;
				CLANG_ANALYZER_NONNULL = YES;
				CLANG_ANALYZER_NUMBER_OBJECT_CONVERSION = YES_AGGRESSIVE;
				CLANG_CXX_LANGUAGE_STANDARD = "gnu++14";
				CLANG_CXX_LIBRARY = "libc++";
				CLANG_ENABLE_MODULES = YES;
				CLANG_ENABLE_OBJC_ARC = YES;
				CLANG_ENABLE_OBJC_WEAK = YES;
				CLANG_WARN_BLOCK_CAPTURE_AUTORELEASING = YES;
				CLANG_WARN_BOOL_CONVERSION = YES;
				CLANG_WARN_COMMA = YES;
				CLANG_WARN_CONSTANT_CONVERSION = YES;
				CLANG_WARN_DEPRECATED_OBJC_IMPLEMENTATIONS = YES;
				CLANG_WARN_DIRECT_OBJC_ISA_USAGE = YES_ERROR;
				CLANG_WARN_DOCUMENTATION_COMMENTS = YES;
				CLANG_WARN_EMPTY_BODY = YES;
				CLANG_WARN_ENUM_CONVERSION = YES;
				CLANG_WARN_INFINITE_RECURSION = YES;
				CLANG_WARN_INT_CONVERSION = YES;
				CLANG_WARN_NON_LITERAL_NULL_CONVERSION = YES;
				CLANG_WARN_OBJC_IMPLICIT_RETAIN_SELF = YES;
				CLANG_WARN_OBJC_LITERAL_CONVERSION = YES;
				CLANG_WARN_OBJC_ROOT_CLASS = YES_ERROR;
				CLANG_WARN_RANGE_LOOP_ANALYSIS = YES;
				CLANG_WARN_STRICT_PROTOTYPES = YES;
				CLANG_WARN_SUSPICIOUS_MOVE = YES;
				CLANG_WARN_UNGUARDED_AVAILABILITY = YES_AGGRESSIVE;
				CLANG_WARN_UNREACHABLE_CODE = YES;
				CLANG_WARN__DUPLICATE_METHOD_MATCH = YES;
				COPY_PHASE_STRIP = NO;
				DEBUG_INFORMATION_FORMAT = dwarf;
				ENABLE_STRICT_OBJC_MSGSEND = YES;
				ENABLE_TESTABILITY = YES;
				GCC_C_LANGUAGE_STANDARD = gnu11;
				GCC_DYNAMIC_NO_PIC = NO;
				GCC_NO_COMMON_BLOCKS = YES;
				GCC_OPTIMIZATION_LEVEL = 0;
				GCC_PREPROCESSOR_DEFINITIONS = (
					"DEBUG=1",
					"$(inherited)",
				);
				GCC_WARN_64_TO_32_BIT_CONVERSION = YES;
				GCC_WARN_ABOUT_RETURN_TYPE = YES_ERROR;
				GCC_WARN_UNDECLARED_SELECTOR = YES;
				GCC_WARN_UNINITIALIZED_AUTOS = YES_AGGRESSIVE;
				GCC_WARN_UNUSED_FUNCTION = YES;
				GCC_WARN_UNUSED_VARIABLE = YES;
				IPHONEOS_DEPLOYMENT_TARGET = 13.7;
				MTL_ENABLE_DEBUG_INFO = INCLUDE_SOURCE;
				MTL_FAST_MATH = YES;
				ONLY_ACTIVE_ARCH = YES;
				SDKROOT = iphoneos;
				SWIFT_ACTIVE_COMPILATION_CONDITIONS = DEBUG;
				SWIFT_OPTIMIZATION_LEVEL = "-Onone";
			};
			name = Debug;
		};
		7F1BC2ED25C18C2A009728DE /* Release */ = {
			isa = XCBuildConfiguration;
			buildSettings = {
				ALWAYS_SEARCH_USER_PATHS = NO;
				CLANG_ANALYZER_NONNULL = YES;
				CLANG_ANALYZER_NUMBER_OBJECT_CONVERSION = YES_AGGRESSIVE;
				CLANG_CXX_LANGUAGE_STANDARD = "gnu++14";
				CLANG_CXX_LIBRARY = "libc++";
				CLANG_ENABLE_MODULES = YES;
				CLANG_ENABLE_OBJC_ARC = YES;
				CLANG_ENABLE_OBJC_WEAK = YES;
				CLANG_WARN_BLOCK_CAPTURE_AUTORELEASING = YES;
				CLANG_WARN_BOOL_CONVERSION = YES;
				CLANG_WARN_COMMA = YES;
				CLANG_WARN_CONSTANT_CONVERSION = YES;
				CLANG_WARN_DEPRECATED_OBJC_IMPLEMENTATIONS = YES;
				CLANG_WARN_DIRECT_OBJC_ISA_USAGE = YES_ERROR;
				CLANG_WARN_DOCUMENTATION_COMMENTS = YES;
				CLANG_WARN_EMPTY_BODY = YES;
				CLANG_WARN_ENUM_CONVERSION = YES;
				CLANG_WARN_INFINITE_RECURSION = YES;
				CLANG_WARN_INT_CONVERSION = YES;
				CLANG_WARN_NON_LITERAL_NULL_CONVERSION = YES;
				CLANG_WARN_OBJC_IMPLICIT_RETAIN_SELF = YES;
				CLANG_WARN_OBJC_LITERAL_CONVERSION = YES;
				CLANG_WARN_OBJC_ROOT_CLASS = YES_ERROR;
				CLANG_WARN_RANGE_LOOP_ANALYSIS = YES;
				CLANG_WARN_STRICT_PROTOTYPES = YES;
				CLANG_WARN_SUSPICIOUS_MOVE = YES;
				CLANG_WARN_UNGUARDED_AVAILABILITY = YES_AGGRESSIVE;
				CLANG_WARN_UNREACHABLE_CODE = YES;
				CLANG_WARN__DUPLICATE_METHOD_MATCH = YES;
				COPY_PHASE_STRIP = NO;
				DEBUG_INFORMATION_FORMAT = "dwarf-with-dsym";
				ENABLE_NS_ASSERTIONS = NO;
				ENABLE_STRICT_OBJC_MSGSEND = YES;
				GCC_C_LANGUAGE_STANDARD = gnu11;
				GCC_NO_COMMON_BLOCKS = YES;
				GCC_WARN_64_TO_32_BIT_CONVERSION = YES;
				GCC_WARN_ABOUT_RETURN_TYPE = YES_ERROR;
				GCC_WARN_UNDECLARED_SELECTOR = YES;
				GCC_WARN_UNINITIALIZED_AUTOS = YES_AGGRESSIVE;
				GCC_WARN_UNUSED_FUNCTION = YES;
				GCC_WARN_UNUSED_VARIABLE = YES;
				IPHONEOS_DEPLOYMENT_TARGET = 13.7;
				MTL_ENABLE_DEBUG_INFO = NO;
				MTL_FAST_MATH = YES;
				SDKROOT = iphoneos;
				SWIFT_COMPILATION_MODE = wholemodule;
				SWIFT_OPTIMIZATION_LEVEL = "-O";
				VALIDATE_PRODUCT = YES;
			};
			name = Release;
		};
		7F1BC2EF25C18C2A009728DE /* Debug */ = {
			isa = XCBuildConfiguration;
			buildSettings = {
				ASSETCATALOG_COMPILER_APPICON_NAME = AppIcon;
				CODE_SIGN_STYLE = Automatic;
				INFOPLIST_FILE = Contactos/Info.plist;
				LD_RUNPATH_SEARCH_PATHS = (
					"$(inherited)",
					"@executable_path/Frameworks",
				);
				PRODUCT_BUNDLE_IDENTIFIER = cev.Contactos;
				PRODUCT_NAME = "$(TARGET_NAME)";
				SWIFT_VERSION = 5.0;
				TARGETED_DEVICE_FAMILY = "1,2";
			};
			name = Debug;
		};
		7F1BC2F025C18C2A009728DE /* Release */ = {
			isa = XCBuildConfiguration;
			buildSettings = {
				ASSETCATALOG_COMPILER_APPICON_NAME = AppIcon;
				CODE_SIGN_STYLE = Automatic;
				INFOPLIST_FILE = Contactos/Info.plist;
				LD_RUNPATH_SEARCH_PATHS = (
					"$(inherited)",
					"@executable_path/Frameworks",
				);
				PRODUCT_BUNDLE_IDENTIFIER = cev.Contactos;
				PRODUCT_NAME = "$(TARGET_NAME)";
				SWIFT_VERSION = 5.0;
				TARGETED_DEVICE_FAMILY = "1,2";
			};
			name = Release;
		};
		7F1BC2F225C18C2A009728DE /* Debug */ = {
			isa = XCBuildConfiguration;
			buildSettings = {
				ALWAYS_EMBED_SWIFT_STANDARD_LIBRARIES = YES;
				BUNDLE_LOADER = "$(TEST_HOST)";
				CODE_SIGN_STYLE = Automatic;
				INFOPLIST_FILE = ContactosTests/Info.plist;
				IPHONEOS_DEPLOYMENT_TARGET = 13.7;
				LD_RUNPATH_SEARCH_PATHS = (
					"$(inherited)",
					"@executable_path/Frameworks",
					"@loader_path/Frameworks",
				);
				PRODUCT_BUNDLE_IDENTIFIER = cev.ContactosTests;
				PRODUCT_NAME = "$(TARGET_NAME)";
				SWIFT_VERSION = 5.0;
				TARGETED_DEVICE_FAMILY = "1,2";
				TEST_HOST = "$(BUILT_PRODUCTS_DIR)/Contactos.app/Contactos";
			};
			name = Debug;
		};
		7F1BC2F325C18C2A009728DE /* Release */ = {
			isa = XCBuildConfiguration;
			buildSettings = {
				ALWAYS_EMBED_SWIFT_STANDARD_LIBRARIES = YES;
				BUNDLE_LOADER = "$(TEST_HOST)";
				CODE_SIGN_STYLE = Automatic;
				INFOPLIST_FILE = ContactosTests/Info.plist;
				IPHONEOS_DEPLOYMENT_TARGET = 13.7;
				LD_RUNPATH_SEARCH_PATHS = (
					"$(inherited)",
					"@executable_path/Frameworks",
					"@loader_path/Frameworks",
				);
				PRODUCT_BUNDLE_IDENTIFIER = cev.ContactosTests;
				PRODUCT_NAME = "$(TARGET_NAME)";
				SWIFT_VERSION = 5.0;
				TARGETED_DEVICE_FAMILY = "1,2";
				TEST_HOST = "$(BUILT_PRODUCTS_DIR)/Contactos.app/Contactos";
			};
			name = Release;
		};
		7F1BC2F525C18C2A009728DE /* Debug */ = {
			isa = XCBuildConfiguration;
			buildSettings = {
				ALWAYS_EMBED_SWIFT_STANDARD_LIBRARIES = YES;
				CODE_SIGN_STYLE = Automatic;
				INFOPLIST_FILE = ContactosUITests/Info.plist;
				LD_RUNPATH_SEARCH_PATHS = (
					"$(inherited)",
					"@executable_path/Frameworks",
					"@loader_path/Frameworks",
				);
				PRODUCT_BUNDLE_IDENTIFIER = cev.ContactosUITests;
				PRODUCT_NAME = "$(TARGET_NAME)";
				SWIFT_VERSION = 5.0;
				TARGETED_DEVICE_FAMILY = "1,2";
				TEST_TARGET_NAME = Contactos;
			};
			name = Debug;
		};
		7F1BC2F625C18C2A009728DE /* Release */ = {
			isa = XCBuildConfiguration;
			buildSettings = {
				ALWAYS_EMBED_SWIFT_STANDARD_LIBRARIES = YES;
				CODE_SIGN_STYLE = Automatic;
				INFOPLIST_FILE = ContactosUITests/Info.plist;
				LD_RUNPATH_SEARCH_PATHS = (
					"$(inherited)",
					"@executable_path/Frameworks",
					"@loader_path/Frameworks",
				);
				PRODUCT_BUNDLE_IDENTIFIER = cev.ContactosUITests;
				PRODUCT_NAME = "$(TARGET_NAME)";
				SWIFT_VERSION = 5.0;
				TARGETED_DEVICE_FAMILY = "1,2";
				TEST_TARGET_NAME = Contactos;
			};
			name = Release;
		};
/* End XCBuildConfiguration section */

/* Begin XCConfigurationList section */
		7F1BC2BF25C18C29009728DE /* Build configuration list for PBXProject "Contactos" */ = {
			isa = XCConfigurationList;
			buildConfigurations = (
				7F1BC2EC25C18C2A009728DE /* Debug */,
				7F1BC2ED25C18C2A009728DE /* Release */,
			);
			defaultConfigurationIsVisible = 0;
			defaultConfigurationName = Release;
		};
		7F1BC2EE25C18C2A009728DE /* Build configuration list for PBXNativeTarget "Contactos" */ = {
			isa = XCConfigurationList;
			buildConfigurations = (
				7F1BC2EF25C18C2A009728DE /* Debug */,
				7F1BC2F025C18C2A009728DE /* Release */,
			);
			defaultConfigurationIsVisible = 0;
			defaultConfigurationName = Release;
		};
		7F1BC2F125C18C2A009728DE /* Build configuration list for PBXNativeTarget "ContactosTests" */ = {
			isa = XCConfigurationList;
			buildConfigurations = (
				7F1BC2F225C18C2A009728DE /* Debug */,
				7F1BC2F325C18C2A009728DE /* Release */,
			);
			defaultConfigurationIsVisible = 0;
			defaultConfigurationName = Release;
		};
		7F1BC2F425C18C2A009728DE /* Build configuration list for PBXNativeTarget "ContactosUITests" */ = {
			isa = XCConfigurationList;
			buildConfigurations = (
				7F1BC2F525C18C2A009728DE /* Debug */,
				7F1BC2F625C18C2A009728DE /* Release */,
			);
			defaultConfigurationIsVisible = 0;
			defaultConfigurationName = Release;
		};
/* End XCConfigurationList section */
	};
	rootObject = 7F1BC2BC25C18C29009728DE /* Project object */;
}
